// !$*UTF8*$!
{
	archiveVersion = 1;
	classes = {
	};
	objectVersion = 56;
	objects = {

/* Begin PBXBuildFile section */
		9101B67C2B6C65EC005F7A4B /* MemorizeModel.swift in Sources */ = {isa = PBXBuildFile; fileRef = 9101B67B2B6C65EC005F7A4B /* MemorizeModel.swift */; };
		9101B67E2B6C68ED005F7A4B /* MemorizeViewModel.swift in Sources */ = {isa = PBXBuildFile; fileRef = 9101B67D2B6C68ED005F7A4B /* MemorizeViewModel.swift */; };
		910C23D82B69C0FA0085F521 /* MatchGamePracticeApp.swift in Sources */ = {isa = PBXBuildFile; fileRef = 910C23D72B69C0FA0085F521 /* MatchGamePracticeApp.swift */; };
		910C23DA2B69C0FA0085F521 /* ContentView.swift in Sources */ = {isa = PBXBuildFile; fileRef = 910C23D92B69C0FA0085F521 /* ContentView.swift */; };
		910C23DC2B69C0FB0085F521 /* Assets.xcassets in Resources */ = {isa = PBXBuildFile; fileRef = 910C23DB2B69C0FB0085F521 /* Assets.xcassets */; };
		910C23DF2B69C0FB0085F521 /* Preview Assets.xcassets in Resources */ = {isa = PBXBuildFile; fileRef = 910C23DE2B69C0FB0085F521 /* Preview Assets.xcassets */; };
		910C23E92B69C0FB0085F521 /* MatchGamePracticeTests.swift in Sources */ = {isa = PBXBuildFile; fileRef = 910C23E82B69C0FB0085F521 /* MatchGamePracticeTests.swift */; };
		910C23F32B69C0FB0085F521 /* MatchGamePracticeUITests.swift in Sources */ = {isa = PBXBuildFile; fileRef = 910C23F22B69C0FB0085F521 /* MatchGamePracticeUITests.swift */; };
		910C23F52B69C0FB0085F521 /* MatchGamePracticeUITestsLaunchTests.swift in Sources */ = {isa = PBXBuildFile; fileRef = 910C23F42B69C0FB0085F521 /* MatchGamePracticeUITestsLaunchTests.swift */; };
/* End PBXBuildFile section */

/* Begin PBXContainerItemProxy section */
		910C23E52B69C0FB0085F521 /* PBXContainerItemProxy */ = {
			isa = PBXContainerItemProxy;
			containerPortal = 910C23CC2B69C0FA0085F521 /* Project object */;
			proxyType = 1;
			remoteGlobalIDString = 910C23D32B69C0FA0085F521;
			remoteInfo = MatchGamePractice;
		};
		910C23EF2B69C0FB0085F521 /* PBXContainerItemProxy */ = {
			isa = PBXContainerItemProxy;
			containerPortal = 910C23CC2B69C0FA0085F521 /* Project object */;
			proxyType = 1;
			remoteGlobalIDString = 910C23D32B69C0FA0085F521;
			remoteInfo = MatchGamePractice;
		};
/* End PBXContainerItemProxy section */

/* Begin PBXFileReference section */
		9101B67B2B6C65EC005F7A4B /* MemorizeModel.swift */ = {isa = PBXFileReference; lastKnownFileType = sourcecode.swift; path = MemorizeModel.swift; sourceTree = "<group>"; };
		9101B67D2B6C68ED005F7A4B /* MemorizeViewModel.swift */ = {isa = PBXFileReference; lastKnownFileType = sourcecode.swift; path = MemorizeViewModel.swift; sourceTree = "<group>"; };
		910C23D42B69C0FA0085F521 /* MatchGamePractice.app */ = {isa = PBXFileReference; explicitFileType = wrapper.application; includeInIndex = 0; path = MatchGamePractice.app; sourceTree = BUILT_PRODUCTS_DIR; };
		910C23D72B69C0FA0085F521 /* MatchGamePracticeApp.swift */ = {isa = PBXFileReference; lastKnownFileType = sourcecode.swift; path = MatchGamePracticeApp.swift; sourceTree = "<group>"; };
		910C23D92B69C0FA0085F521 /* ContentView.swift */ = {isa = PBXFileReference; lastKnownFileType = sourcecode.swift; path = ContentView.swift; sourceTree = "<group>"; };
		910C23DB2B69C0FB0085F521 /* Assets.xcassets */ = {isa = PBXFileReference; lastKnownFileType = folder.assetcatalog; path = Assets.xcassets; sourceTree = "<group>"; };
		910C23DE2B69C0FB0085F521 /* Preview Assets.xcassets */ = {isa = PBXFileReference; lastKnownFileType = folder.assetcatalog; path = "Preview Assets.xcassets"; sourceTree = "<group>"; };
		910C23E42B69C0FB0085F521 /* MatchGamePracticeTests.xctest */ = {isa = PBXFileReference; explicitFileType = wrapper.cfbundle; includeInIndex = 0; path = MatchGamePracticeTests.xctest; sourceTree = BUILT_PRODUCTS_DIR; };
		910C23E82B69C0FB0085F521 /* MatchGamePracticeTests.swift */ = {isa = PBXFileReference; lastKnownFileType = sourcecode.swift; path = MatchGamePracticeTests.swift; sourceTree = "<group>"; };
		910C23EE2B69C0FB0085F521 /* MatchGamePracticeUITests.xctest */ = {isa = PBXFileReference; explicitFileType = wrapper.cfbundle; includeInIndex = 0; path = MatchGamePracticeUITests.xctest; sourceTree = BUILT_PRODUCTS_DIR; };
		910C23F22B69C0FB0085F521 /* MatchGamePracticeUITests.swift */ = {isa = PBXFileReference; lastKnownFileType = sourcecode.swift; path = MatchGamePracticeUITests.swift; sourceTree = "<group>"; };
		910C23F42B69C0FB0085F521 /* MatchGamePracticeUITestsLaunchTests.swift */ = {isa = PBXFileReference; lastKnownFileType = sourcecode.swift; path = MatchGamePracticeUITestsLaunchTests.swift; sourceTree = "<group>"; };
/* End PBXFileReference section */

/* Begin PBXFrameworksBuildPhase section */
		910C23D12B69C0FA0085F521 /* Frameworks */ = {
			isa = PBXFrameworksBuildPhase;
			buildActionMask = 2147483647;
			files = (
			);
			runOnlyForDeploymentPostprocessing = 0;
		};
		910C23E12B69C0FB0085F521 /* Frameworks */ = {
			isa = PBXFrameworksBuildPhase;
			buildActionMask = 2147483647;
			files = (
			);
			runOnlyForDeploymentPostprocessing = 0;
		};
		910C23EB2B69C0FB0085F521 /* Frameworks */ = {
			isa = PBXFrameworksBuildPhase;
			buildActionMask = 2147483647;
			files = (
			);
			runOnlyForDeploymentPostprocessing = 0;
		};
/* End PBXFrameworksBuildPhase section */

/* Begin PBXGroup section */
		910C23CB2B69C0FA0085F521 = {
			isa = PBXGroup;
			children = (
				910C23D62B69C0FA0085F521 /* MatchGamePractice */,
				910C23E72B69C0FB0085F521 /* MatchGamePracticeTests */,
				910C23F12B69C0FB0085F521 /* MatchGamePracticeUITests */,
				910C23D52B69C0FA0085F521 /* Products */,
			);
			sourceTree = "<group>";
		};
		910C23D52B69C0FA0085F521 /* Products */ = {
			isa = PBXGroup;
			children = (
				910C23D42B69C0FA0085F521 /* MatchGamePractice.app */,
				910C23E42B69C0FB0085F521 /* MatchGamePracticeTests.xctest */,
				910C23EE2B69C0FB0085F521 /* MatchGamePracticeUITests.xctest */,
			);
			name = Products;
			sourceTree = "<group>";
		};
		910C23D62B69C0FA0085F521 /* MatchGamePractice */ = {
			isa = PBXGroup;
			children = (
				910C23D72B69C0FA0085F521 /* MatchGamePracticeApp.swift */,
				910C23D92B69C0FA0085F521 /* ContentView.swift */,
				9101B67B2B6C65EC005F7A4B /* MemorizeModel.swift */,
				9101B67D2B6C68ED005F7A4B /* MemorizeViewModel.swift */,
				910C23DB2B69C0FB0085F521 /* Assets.xcassets */,
				910C23DD2B69C0FB0085F521 /* Preview Content */,
			);
			path = MatchGamePractice;
			sourceTree = "<group>";
		};
		910C23DD2B69C0FB0085F521 /* Preview Content */ = {
			isa = PBXGroup;
			children = (
				910C23DE2B69C0FB0085F521 /* Preview Assets.xcassets */,
			);
			path = "Preview Content";
			sourceTree = "<group>";
		};
		910C23E72B69C0FB0085F521 /* MatchGamePracticeTests */ = {
			isa = PBXGroup;
			children = (
				910C23E82B69C0FB0085F521 /* MatchGamePracticeTests.swift */,
			);
			path = MatchGamePracticeTests;
			sourceTree = "<group>";
		};
		910C23F12B69C0FB0085F521 /* MatchGamePracticeUITests */ = {
			isa = PBXGroup;
			children = (
				910C23F22B69C0FB0085F521 /* MatchGamePracticeUITests.swift */,
				910C23F42B69C0FB0085F521 /* MatchGamePracticeUITestsLaunchTests.swift */,
			);
			path = MatchGamePracticeUITests;
			sourceTree = "<group>";
		};
/* End PBXGroup section */

/* Begin PBXNativeTarget section */
		910C23D32B69C0FA0085F521 /* MatchGamePractice */ = {
			isa = PBXNativeTarget;
			buildConfigurationList = 910C23F82B69C0FB0085F521 /* Build configuration list for PBXNativeTarget "MatchGamePractice" */;
			buildPhases = (
				910C23D02B69C0FA0085F521 /* Sources */,
				910C23D12B69C0FA0085F521 /* Frameworks */,
				910C23D22B69C0FA0085F521 /* Resources */,
			);
			buildRules = (
			);
			dependencies = (
			);
			name = MatchGamePractice;
			productName = MatchGamePractice;
			productReference = 910C23D42B69C0FA0085F521 /* MatchGamePractice.app */;
			productType = "com.apple.product-type.application";
		};
		910C23E32B69C0FB0085F521 /* MatchGamePracticeTests */ = {
			isa = PBXNativeTarget;
			buildConfigurationList = 910C23FB2B69C0FB0085F521 /* Build configuration list for PBXNativeTarget "MatchGamePracticeTests" */;
			buildPhases = (
				910C23E02B69C0FB0085F521 /* Sources */,
				910C23E12B69C0FB0085F521 /* Frameworks */,
				910C23E22B69C0FB0085F521 /* Resources */,
			);
			buildRules = (
			);
			dependencies = (
				910C23E62B69C0FB0085F521 /* PBXTargetDependency */,
			);
			name = MatchGamePracticeTests;
			productName = MatchGamePracticeTests;
			productReference = 910C23E42B69C0FB0085F521 /* MatchGamePracticeTests.xctest */;
			productType = "com.apple.product-type.bundle.unit-test";
		};
		910C23ED2B69C0FB0085F521 /* MatchGamePracticeUITests */ = {
			isa = PBXNativeTarget;
			buildConfigurationList = 910C23FE2B69C0FB0085F521 /* Build configuration list for PBXNativeTarget "MatchGamePracticeUITests" */;
			buildPhases = (
				910C23EA2B69C0FB0085F521 /* Sources */,
				910C23EB2B69C0FB0085F521 /* Frameworks */,
				910C23EC2B69C0FB0085F521 /* Resources */,
			);
			buildRules = (
			);
			dependencies = (
				910C23F02B69C0FB0085F521 /* PBXTargetDependency */,
			);
			name = MatchGamePracticeUITests;
			productName = MatchGamePracticeUITests;
			productReference = 910C23EE2B69C0FB0085F521 /* MatchGamePracticeUITests.xctest */;
			productType = "com.apple.product-type.bundle.ui-testing";
		};
/* End PBXNativeTarget section */

/* Begin PBXProject section */
		910C23CC2B69C0FA0085F521 /* Project object */ = {
			isa = PBXProject;
			attributes = {
				BuildIndependentTargetsInParallel = 1;
				LastSwiftUpdateCheck = 1520;
				LastUpgradeCheck = 1520;
				TargetAttributes = {
					910C23D32B69C0FA0085F521 = {
						CreatedOnToolsVersion = 15.2;
					};
					910C23E32B69C0FB0085F521 = {
						CreatedOnToolsVersion = 15.2;
						TestTargetID = 910C23D32B69C0FA0085F521;
					};
					910C23ED2B69C0FB0085F521 = {
						CreatedOnToolsVersion = 15.2;
						TestTargetID = 910C23D32B69C0FA0085F521;
					};
				};
			};
			buildConfigurationList = 910C23CF2B69C0FA0085F521 /* Build configuration list for PBXProject "MatchGamePractice" */;
			compatibilityVersion = "Xcode 14.0";
			developmentRegion = en;
			hasScannedForEncodings = 0;
			knownRegions = (
				en,
				Base,
			);
			mainGroup = 910C23CB2B69C0FA0085F521;
			productRefGroup = 910C23D52B69C0FA0085F521 /* Products */;
			projectDirPath = "";
			projectRoot = "";
			targets = (
				910C23D32B69C0FA0085F521 /* MatchGamePractice */,
				910C23E32B69C0FB0085F521 /* MatchGamePracticeTests */,
				910C23ED2B69C0FB0085F521 /* MatchGamePracticeUITests */,
			);
		};
/* End PBXProject section */

/* Begin PBXResourcesBuildPhase section */
		910C23D22B69C0FA0085F521 /* Resources */ = {
			isa = PBXResourcesBuildPhase;
			buildActionMask = 2147483647;
			files = (
				910C23DF2B69C0FB0085F521 /* Preview Assets.xcassets in Resources */,
				910C23DC2B69C0FB0085F521 /* Assets.xcassets in Resources */,
			);
			runOnlyForDeploymentPostprocessing = 0;
		};
		910C23E22B69C0FB0085F521 /* Resources */ = {
			isa = PBXResourcesBuildPhase;
			buildActionMask = 2147483647;
			files = (
			);
			runOnlyForDeploymentPostprocessing = 0;
		};
		910C23EC2B69C0FB0085F521 /* Resources */ = {
			isa = PBXResourcesBuildPhase;
			buildActionMask = 2147483647;
			files = (
			);
			runOnlyForDeploymentPostprocessing = 0;
		};
/* End PBXResourcesBuildPhase section */

/* Begin PBXSourcesBuildPhase section */
		910C23D02B69C0FA0085F521 /* Sources */ = {
			isa = PBXSourcesBuildPhase;
			buildActionMask = 2147483647;
			files = (
				910C23DA2B69C0FA0085F521 /* ContentView.swift in Sources */,
				9101B67C2B6C65EC005F7A4B /* MemorizeModel.swift in Sources */,
				9101B67E2B6C68ED005F7A4B /* MemorizeViewModel.swift in Sources */,
				910C23D82B69C0FA0085F521 /* MatchGamePracticeApp.swift in Sources */,
			);
			runOnlyForDeploymentPostprocessing = 0;
		};
		910C23E02B69C0FB0085F521 /* Sources */ = {
			isa = PBXSourcesBuildPhase;
			buildActionMask = 2147483647;
			files = (
				910C23E92B69C0FB0085F521 /* MatchGamePracticeTests.swift in Sources */,
			);
			runOnlyForDeploymentPostprocessing = 0;
		};
		910C23EA2B69C0FB0085F521 /* Sources */ = {
			isa = PBXSourcesBuildPhase;
			buildActionMask = 2147483647;
			files = (
				910C23F32B69C0FB0085F521 /* MatchGamePracticeUITests.swift in Sources */,
				910C23F52B69C0FB0085F521 /* MatchGamePracticeUITestsLaunchTests.swift in Sources */,
			);
			runOnlyForDeploymentPostprocessing = 0;
		};
/* End PBXSourcesBuildPhase section */

/* Begin PBXTargetDependency section */
		910C23E62B69C0FB0085F521 /* PBXTargetDependency */ = {
			isa = PBXTargetDependency;
			target = 910C23D32B69C0FA0085F521 /* MatchGamePractice */;
			targetProxy = 910C23E52B69C0FB0085F521 /* PBXContainerItemProxy */;
		};
		910C23F02B69C0FB0085F521 /* PBXTargetDependency */ = {
			isa = PBXTargetDependency;
			target = 910C23D32B69C0FA0085F521 /* MatchGamePractice */;
			targetProxy = 910C23EF2B69C0FB0085F521 /* PBXContainerItemProxy */;
		};
/* End PBXTargetDependency section */

/* Begin XCBuildConfiguration section */
		910C23F62B69C0FB0085F521 /* Debug */ = {
			isa = XCBuildConfiguration;
			buildSettings = {
				ALWAYS_SEARCH_USER_PATHS = NO;
				ASSETCATALOG_COMPILER_GENERATE_SWIFT_ASSET_SYMBOL_EXTENSIONS = YES;
				CLANG_ANALYZER_NONNULL = YES;
				CLANG_ANALYZER_NUMBER_OBJECT_CONVERSION = YES_AGGRESSIVE;
				CLANG_CXX_LANGUAGE_STANDARD = "gnu++20";
				CLANG_ENABLE_MODULES = YES;
				CLANG_ENABLE_OBJC_ARC = YES;
				CLANG_ENABLE_OBJC_WEAK = YES;
				CLANG_WARN_BLOCK_CAPTURE_AUTORELEASING = YES;
				CLANG_WARN_BOOL_CONVERSION = YES;
				CLANG_WARN_COMMA = YES;
				CLANG_WARN_CONSTANT_CONVERSION = YES;
				CLANG_WARN_DEPRECATED_OBJC_IMPLEMENTATIONS = YES;
				CLANG_WARN_DIRECT_OBJC_ISA_USAGE = YES_ERROR;
				CLANG_WARN_DOCUMENTATION_COMMENTS = YES;
				CLANG_WARN_EMPTY_BODY = YES;
				CLANG_WARN_ENUM_CONVERSION = YES;
				CLANG_WARN_INFINITE_RECURSION = YES;
				CLANG_WARN_INT_CONVERSION = YES;
				CLANG_WARN_NON_LITERAL_NULL_CONVERSION = YES;
				CLANG_WARN_OBJC_IMPLICIT_RETAIN_SELF = YES;
				CLANG_WARN_OBJC_LITERAL_CONVERSION = YES;
				CLANG_WARN_OBJC_ROOT_CLASS = YES_ERROR;
				CLANG_WARN_QUOTED_INCLUDE_IN_FRAMEWORK_HEADER = YES;
				CLANG_WARN_RANGE_LOOP_ANALYSIS = YES;
				CLANG_WARN_STRICT_PROTOTYPES = YES;
				CLANG_WARN_SUSPICIOUS_MOVE = YES;
				CLANG_WARN_UNGUARDED_AVAILABILITY = YES_AGGRESSIVE;
				CLANG_WARN_UNREACHABLE_CODE = YES;
				CLANG_WARN__DUPLICATE_METHOD_MATCH = YES;
				COPY_PHASE_STRIP = NO;
				DEBUG_INFORMATION_FORMAT = dwarf;
				ENABLE_STRICT_OBJC_MSGSEND = YES;
				ENABLE_TESTABILITY = YES;
				ENABLE_USER_SCRIPT_SANDBOXING = YES;
				GCC_C_LANGUAGE_STANDARD = gnu17;
				GCC_DYNAMIC_NO_PIC = NO;
				GCC_NO_COMMON_BLOCKS = YES;
				GCC_OPTIMIZATION_LEVEL = 0;
				GCC_PREPROCESSOR_DEFINITIONS = (
					"DEBUG=1",
					"$(inherited)",
				);
				GCC_WARN_64_TO_32_BIT_CONVERSION = YES;
				GCC_WARN_ABOUT_RETURN_TYPE = YES_ERROR;
				GCC_WARN_UNDECLARED_SELECTOR = YES;
				GCC_WARN_UNINITIALIZED_AUTOS = YES_AGGRESSIVE;
				GCC_WARN_UNUSED_FUNCTION = YES;
				GCC_WARN_UNUSED_VARIABLE = YES;
				IPHONEOS_DEPLOYMENT_TARGET = 17.2;
				LOCALIZATION_PREFERS_STRING_CATALOGS = YES;
				MTL_ENABLE_DEBUG_INFO = INCLUDE_SOURCE;
				MTL_FAST_MATH = YES;
				ONLY_ACTIVE_ARCH = YES;
				SDKROOT = iphoneos;
				SWIFT_ACTIVE_COMPILATION_CONDITIONS = "DEBUG $(inherited)";
				SWIFT_OPTIMIZATION_LEVEL = "-Onone";
			};
			name = Debug;
		};
		910C23F72B69C0FB0085F521 /* Release */ = {
			isa = XCBuildConfiguration;
			buildSettings = {
				ALWAYS_SEARCH_USER_PATHS = NO;
				ASSETCATALOG_COMPILER_GENERATE_SWIFT_ASSET_SYMBOL_EXTENSIONS = YES;
				CLANG_ANALYZER_NONNULL = YES;
				CLANG_ANALYZER_NUMBER_OBJECT_CONVERSION = YES_AGGRESSIVE;
				CLANG_CXX_LANGUAGE_STANDARD = "gnu++20";
				CLANG_ENABLE_MODULES = YES;
				CLANG_ENABLE_OBJC_ARC = YES;
				CLANG_ENABLE_OBJC_WEAK = YES;
				CLANG_WARN_BLOCK_CAPTURE_AUTORELEASING = YES;
				CLANG_WARN_BOOL_CONVERSION = YES;
				CLANG_WARN_COMMA = YES;
				CLANG_WARN_CONSTANT_CONVERSION = YES;
				CLANG_WARN_DEPRECATED_OBJC_IMPLEMENTATIONS = YES;
				CLANG_WARN_DIRECT_OBJC_ISA_USAGE = YES_ERROR;
				CLANG_WARN_DOCUMENTATION_COMMENTS = YES;
				CLANG_WARN_EMPTY_BODY = YES;
				CLANG_WARN_ENUM_CONVERSION = YES;
				CLANG_WARN_INFINITE_RECURSION = YES;
				CLANG_WARN_INT_CONVERSION = YES;
				CLANG_WARN_NON_LITERAL_NULL_CONVERSION = YES;
				CLANG_WARN_OBJC_IMPLICIT_RETAIN_SELF = YES;
				CLANG_WARN_OBJC_LITERAL_CONVERSION = YES;
				CLANG_WARN_OBJC_ROOT_CLASS = YES_ERROR;
				CLANG_WARN_QUOTED_INCLUDE_IN_FRAMEWORK_HEADER = YES;
				CLANG_WARN_RANGE_LOOP_ANALYSIS = YES;
				CLANG_WARN_STRICT_PROTOTYPES = YES;
				CLANG_WARN_SUSPICIOUS_MOVE = YES;
				CLANG_WARN_UNGUARDED_AVAILABILITY = YES_AGGRESSIVE;
				CLANG_WARN_UNREACHABLE_CODE = YES;
				CLANG_WARN__DUPLICATE_METHOD_MATCH = YES;
				COPY_PHASE_STRIP = NO;
				DEBUG_INFORMATION_FORMAT = "dwarf-with-dsym";
				ENABLE_NS_ASSERTIONS = NO;
				ENABLE_STRICT_OBJC_MSGSEND = YES;
				ENABLE_USER_SCRIPT_SANDBOXING = YES;
				GCC_C_LANGUAGE_STANDARD = gnu17;
				GCC_NO_COMMON_BLOCKS = YES;
				GCC_WARN_64_TO_32_BIT_CONVERSION = YES;
				GCC_WARN_ABOUT_RETURN_TYPE = YES_ERROR;
				GCC_WARN_UNDECLARED_SELECTOR = YES;
				GCC_WARN_UNINITIALIZED_AUTOS = YES_AGGRESSIVE;
				GCC_WARN_UNUSED_FUNCTION = YES;
				GCC_WARN_UNUSED_VARIABLE = YES;
				IPHONEOS_DEPLOYMENT_TARGET = 17.2;
				LOCALIZATION_PREFERS_STRING_CATALOGS = YES;
				MTL_ENABLE_DEBUG_INFO = NO;
				MTL_FAST_MATH = YES;
				SDKROOT = iphoneos;
				SWIFT_COMPILATION_MODE = wholemodule;
				VALIDATE_PRODUCT = YES;
			};
			name = Release;
		};
		910C23F92B69C0FB0085F521 /* Debug */ = {
			isa = XCBuildConfiguration;
			buildSettings = {
				ASSETCATALOG_COMPILER_APPICON_NAME = AppIcon;
				ASSETCATALOG_COMPILER_GLOBAL_ACCENT_COLOR_NAME = AccentColor;
				CODE_SIGN_STYLE = Automatic;
				CURRENT_PROJECT_VERSION = 1;
				DEVELOPMENT_ASSET_PATHS = "\"MatchGamePractice/Preview Content\"";
				DEVELOPMENT_TEAM = RVLD4LVG6G;
				ENABLE_PREVIEWS = YES;
				GENERATE_INFOPLIST_FILE = YES;
				INFOPLIST_KEY_UIApplicationSceneManifest_Generation = YES;
				INFOPLIST_KEY_UIApplicationSupportsIndirectInputEvents = YES;
				INFOPLIST_KEY_UILaunchScreen_Generation = YES;
				INFOPLIST_KEY_UISupportedInterfaceOrientations_iPad = "UIInterfaceOrientationPortrait UIInterfaceOrientationPortraitUpsideDown UIInterfaceOrientationLandscapeLeft UIInterfaceOrientationLandscapeRight";
				INFOPLIST_KEY_UISupportedInterfaceOrientations_iPhone = "UIInterfaceOrientationPortrait UIInterfaceOrientationLandscapeLeft UIInterfaceOrientationLandscapeRight";
				LD_RUNPATH_SEARCH_PATHS = (
					"$(inherited)",
					"@executable_path/Frameworks",
				);
				MARKETING_VERSION = 1.0;
				PRODUCT_BUNDLE_IDENTIFIER = josephmasson26.MatchGamePractice;
				PRODUCT_NAME = "$(TARGET_NAME)";
				SWIFT_EMIT_LOC_STRINGS = YES;
				SWIFT_VERSION = 5.0;
				TARGETED_DEVICE_FAMILY = "1,2";
			};
			name = Debug;
		};
		910C23FA2B69C0FB0085F521 /* Release */ = {
			isa = XCBuildConfiguration;
			buildSettings = {
				ASSETCATALOG_COMPILER_APPICON_NAME = AppIcon;
				ASSETCATALOG_COMPILER_GLOBAL_ACCENT_COLOR_NAME = AccentColor;
				CODE_SIGN_STYLE = Automatic;
				CURRENT_PROJECT_VERSION = 1;
				DEVELOPMENT_ASSET_PATHS = "\"MatchGamePractice/Preview Content\"";
				DEVELOPMENT_TEAM = RVLD4LVG6G;
				ENABLE_PREVIEWS = YES;
				GENERATE_INFOPLIST_FILE = YES;
				INFOPLIST_KEY_UIApplicationSceneManifest_Generation = YES;
				INFOPLIST_KEY_UIApplicationSupportsIndirectInputEvents = YES;
				INFOPLIST_KEY_UILaunchScreen_Generation = YES;
				INFOPLIST_KEY_UISupportedInterfaceOrientations_iPad = "UIInterfaceOrientationPortrait UIInterfaceOrientationPortraitUpsideDown UIInterfaceOrientationLandscapeLeft UIInterfaceOrientationLandscapeRight";
				INFOPLIST_KEY_UISupportedInterfaceOrientations_iPhone = "UIInterfaceOrientationPortrait UIInterfaceOrientationLandscapeLeft UIInterfaceOrientationLandscapeRight";
				LD_RUNPATH_SEARCH_PATHS = (
					"$(inherited)",
					"@executable_path/Frameworks",
				);
				MARKETING_VERSION = 1.0;
				PRODUCT_BUNDLE_IDENTIFIER = josephmasson26.MatchGamePractice;
				PRODUCT_NAME = "$(TARGET_NAME)";
				SWIFT_EMIT_LOC_STRINGS = YES;
				SWIFT_VERSION = 5.0;
				TARGETED_DEVICE_FAMILY = "1,2";
			};
			name = Release;
		};
		910C23FC2B69C0FB0085F521 /* Debug */ = {
			isa = XCBuildConfiguration;
			buildSettings = {
				ALWAYS_EMBED_SWIFT_STANDARD_LIBRARIES = YES;
				BUNDLE_LOADER = "$(TEST_HOST)";
				CODE_SIGN_STYLE = Automatic;
				CURRENT_PROJECT_VERSION = 1;
				DEVELOPMENT_TEAM = RVLD4LVG6G;
				GENERATE_INFOPLIST_FILE = YES;
				IPHONEOS_DEPLOYMENT_TARGET = 17.2;
				MARKETING_VERSION = 1.0;
				PRODUCT_BUNDLE_IDENTIFIER = josephmasson26.MatchGamePracticeTests;
				PRODUCT_NAME = "$(TARGET_NAME)";
				SWIFT_EMIT_LOC_STRINGS = NO;
				SWIFT_VERSION = 5.0;
				TARGETED_DEVICE_FAMILY = "1,2";
				TEST_HOST = "$(BUILT_PRODUCTS_DIR)/MatchGamePractice.app/$(BUNDLE_EXECUTABLE_FOLDER_PATH)/MatchGamePractice";
			};
			name = Debug;
		};
		910C23FD2B69C0FB0085F521 /* Release */ = {
			isa = XCBuildConfiguration;
			buildSettings = {
				ALWAYS_EMBED_SWIFT_STANDARD_LIBRARIES = YES;
				BUNDLE_LOADER = "$(TEST_HOST)";
				CODE_SIGN_STYLE = Automatic;
				CURRENT_PROJECT_VERSION = 1;
				DEVELOPMENT_TEAM = RVLD4LVG6G;
				GENERATE_INFOPLIST_FILE = YES;
				IPHONEOS_DEPLOYMENT_TARGET = 17.2;
				MARKETING_VERSION = 1.0;
				PRODUCT_BUNDLE_IDENTIFIER = josephmasson26.MatchGamePracticeTests;
				PRODUCT_NAME = "$(TARGET_NAME)";
				SWIFT_EMIT_LOC_STRINGS = NO;
				SWIFT_VERSION = 5.0;
				TARGETED_DEVICE_FAMILY = "1,2";
				TEST_HOST = "$(BUILT_PRODUCTS_DIR)/MatchGamePractice.app/$(BUNDLE_EXECUTABLE_FOLDER_PATH)/MatchGamePractice";
			};
			name = Release;
		};
		910C23FF2B69C0FB0085F521 /* Debug */ = {
			isa = XCBuildConfiguration;
			buildSettings = {
				ALWAYS_EMBED_SWIFT_STANDARD_LIBRARIES = YES;
				CODE_SIGN_STYLE = Automatic;
				CURRENT_PROJECT_VERSION = 1;
				DEVELOPMENT_TEAM = RVLD4LVG6G;
				GENERATE_INFOPLIST_FILE = YES;
				MARKETING_VERSION = 1.0;
				PRODUCT_BUNDLE_IDENTIFIER = josephmasson26.MatchGamePracticeUITests;
				PRODUCT_NAME = "$(TARGET_NAME)";
				SWIFT_EMIT_LOC_STRINGS = NO;
				SWIFT_VERSION = 5.0;
				TARGETED_DEVICE_FAMILY = "1,2";
				TEST_TARGET_NAME = MatchGamePractice;
			};
			name = Debug;
		};
		910C24002B69C0FB0085F521 /* Release */ = {
			isa = XCBuildConfiguration;
			buildSettings = {
				ALWAYS_EMBED_SWIFT_STANDARD_LIBRARIES = YES;
				CODE_SIGN_STYLE = Automatic;
				CURRENT_PROJECT_VERSION = 1;
				DEVELOPMENT_TEAM = RVLD4LVG6G;
				GENERATE_INFOPLIST_FILE = YES;
				MARKETING_VERSION = 1.0;
				PRODUCT_BUNDLE_IDENTIFIER = josephmasson26.MatchGamePracticeUITests;
				PRODUCT_NAME = "$(TARGET_NAME)";
				SWIFT_EMIT_LOC_STRINGS = NO;
				SWIFT_VERSION = 5.0;
				TARGETED_DEVICE_FAMILY = "1,2";
				TEST_TARGET_NAME = MatchGamePractice;
			};
			name = Release;
		};
/* End XCBuildConfiguration section */

/* Begin XCConfigurationList section */
		910C23CF2B69C0FA0085F521 /* Build configuration list for PBXProject "MatchGamePractice" */ = {
			isa = XCConfigurationList;
			buildConfigurations = (
				910C23F62B69C0FB0085F521 /* Debug */,
				910C23F72B69C0FB0085F521 /* Release */,
			);
			defaultConfigurationIsVisible = 0;
			defaultConfigurationName = Release;
		};
		910C23F82B69C0FB0085F521 /* Build configuration list for PBXNativeTarget "MatchGamePractice" */ = {
			isa = XCConfigurationList;
			buildConfigurations = (
				910C23F92B69C0FB0085F521 /* Debug */,
				910C23FA2B69C0FB0085F521 /* Release */,
			);
			defaultConfigurationIsVisible = 0;
			defaultConfigurationName = Release;
		};
		910C23FB2B69C0FB0085F521 /* Build configuration list for PBXNativeTarget "MatchGamePracticeTests" */ = {
			isa = XCConfigurationList;
			buildConfigurations = (
				910C23FC2B69C0FB0085F521 /* Debug */,
				910C23FD2B69C0FB0085F521 /* Release */,
			);
			defaultConfigurationIsVisible = 0;
			defaultConfigurationName = Release;
		};
		910C23FE2B69C0FB0085F521 /* Build configuration list for PBXNativeTarget "MatchGamePracticeUITests" */ = {
			isa = XCConfigurationList;
			buildConfigurations = (
				910C23FF2B69C0FB0085F521 /* Debug */,
				910C24002B69C0FB0085F521 /* Release */,
			);
			defaultConfigurationIsVisible = 0;
			defaultConfigurationName = Release;
		};
/* End XCConfigurationList section */
	};
	rootObject = 910C23CC2B69C0FA0085F521 /* Project object */;
}
